<?xml version="1.0" encoding="utf-8"?>
<Project ToolsVersion="4.0" xmlns="http://schemas.microsoft.com/developer/msbuild/2003">
  <ItemGroup>
    <Filter Include="源文件">
      <UniqueIdentifier>{4FC737F1-C7A5-4376-A066-2A32D752A2FF}</UniqueIdentifier>
      <Extensions>cpp;c;cc;cxx;c++;def;odl;idl;hpj;bat;asm;asmx</Extensions>
    </Filter>
    <Filter Include="头文件">
      <UniqueIdentifier>{93995380-89BD-4b04-88EB-625FBE52EBFB}</UniqueIdentifier>
      <Extensions>h;hh;hpp;hxx;h++;hm;inl;inc;ipp;xsd</Extensions>
    </Filter>
    <Filter Include="资源文件">
      <UniqueIdentifier>{67DA6AB6-F800-4c08-8B7A-83BB121AAD01}</UniqueIdentifier>
      <Extensions>rc;ico;cur;bmp;dlg;rc2;rct;bin;rgs;gif;jpg;jpeg;jpe;resx;tiff;tif;png;wav;mfcribbon-ms</Extensions>
    </Filter>
    <Filter Include="头文件\util">
      <UniqueIdentifier>{9f710d3a-ca7e-4a0b-a1f6-9bacb4b1fd8c}</UniqueIdentifier>
    </Filter>
    <Filter Include="头文件\hit">
      <UniqueIdentifier>{6f3aa374-8c05-45e9-80f9-3953c8bf38c5}</UniqueIdentifier>
    </Filter>
    <Filter Include="头文件\render">
      <UniqueIdentifier>{3568ba41-4943-4a94-9522-dce6f0639086}</UniqueIdentifier>
    </Filter>
    <Filter Include="头文件\sdf">
      <UniqueIdentifier>{cbabef5f-9895-40a3-9b05-2de080163455}</UniqueIdentifier>
    </Filter>
    <Filter Include="头文件\thread">
      <UniqueIdentifier>{89969cbf-f749-4c6c-a032-c2b1356969ed}</UniqueIdentifier>
    </Filter>
    <Filter Include="头文件\hit\Geometry">
      <UniqueIdentifier>{6255426c-8923-4232-9db0-88c83cc61b33}</UniqueIdentifier>
    </Filter>
    <Filter Include="头文件\rtx">
      <UniqueIdentifier>{09471e25-0038-42c1-9d17-1933356c3a11}</UniqueIdentifier>
    </Filter>
    <Filter Include="头文件\rtx\render">
      <UniqueIdentifier>{1a2f9a1c-6ca7-4d03-bc5d-aa3ae305a8f4}</UniqueIdentifier>
    </Filter>
    <Filter Include="头文件\rtx\util">
      <UniqueIdentifier>{54e19af3-d42f-4db3-9cb9-fa0f14df348c}</UniqueIdentifier>
    </Filter>
    <Filter Include="源文件\rtx">
      <UniqueIdentifier>{85098610-f2d3-4ac4-8514-f5e530f7113d}</UniqueIdentifier>
    </Filter>
  </ItemGroup>
  <ItemGroup>
    <ClCompile Include="main.cpp">
      <Filter>源文件</Filter>
    </ClCompile>
    <ClCompile Include="stb_init.cpp">
      <Filter>源文件</Filter>
    </ClCompile>
    <ClCompile Include="ThreadPool.cpp">
      <Filter>源文件</Filter>
    </ClCompile>
    <ClCompile Include="Scence.cpp">
      <Filter>源文件</Filter>
    </ClCompile>
    <ClCompile Include="RayTracer.cpp">
      <Filter>源文件</Filter>
    </ClCompile>
    <ClCompile Include="Vector3.cpp">
      <Filter>源文件</Filter>
    </ClCompile>
    <ClCompile Include="RayMath.cpp">
      <Filter>源文件</Filter>
    </ClCompile>
    <ClCompile Include="glad.c">
      <Filter>源文件</Filter>
    </ClCompile>
    <ClCompile Include="rtx\Shader.cpp">
      <Filter>源文件\rtx</Filter>
    </ClCompile>
    <ClCompile Include="rtx\RenderWindow.cpp">
      <Filter>源文件\rtx</Filter>
    </ClCompile>
  </ItemGroup>
  <ItemGroup>
    <ClInclude Include="Vector3.h">
      <Filter>头文件\util</Filter>
    </ClInclude>
    <ClInclude Include="Color.h">
      <Filter>头文件\util</Filter>
    </ClInclude>
    <ClInclude Include="Hitable.h">
      <Filter>头文件\hit</Filter>
    </ClInclude>
    <ClInclude Include="HitList.h">
      <Filter>头文件\hit</Filter>
    </ClInclude>
    <ClInclude Include="IntersectionHit.h">
      <Filter>头文件\hit</Filter>
    </ClInclude>
    <ClInclude Include="UnionHit.h">
      <Filter>头文件\hit</Filter>
    </ClInclude>
    <ClInclude Include="Camera.h">
      <Filter>头文件\render</Filter>
    </ClInclude>
    <ClInclude Include="Material.h">
      <Filter>头文件\render</Filter>
    </ClInclude>
    <ClInclude Include="Ray.h">
      <Filter>头文件\render</Filter>
    </ClInclude>
    <ClInclude Include="RayMath.h">
      <Filter>头文件\util</Filter>
    </ClInclude>
    <ClInclude Include="Sdf.h">
      <Filter>头文件\sdf</Filter>
    </ClInclude>
    <ClInclude Include="ThreadPool.h">
      <Filter>头文件\thread</Filter>
    </ClInclude>
    <ClInclude Include="NoCopyAble.h">
      <Filter>头文件\thread</Filter>
    </ClInclude>
    <ClInclude Include="RayTracer.h">
      <Filter>头文件\render</Filter>
    </ClInclude>
    <ClInclude Include="Texture.h">
      <Filter>头文件\render</Filter>
    </ClInclude>
    <ClInclude Include="AABB.h">
      <Filter>头文件\util</Filter>
    </ClInclude>
    <ClInclude Include="BVH.h">
      <Filter>头文件\util</Filter>
    </ClInclude>
    <ClInclude Include="Scence.h">
      <Filter>头文件\render</Filter>
    </ClInclude>
    <ClInclude Include="Box.h">
      <Filter>头文件\hit\Geometry</Filter>
    </ClInclude>
    <ClInclude Include="Rect.h">
      <Filter>头文件\hit\Geometry</Filter>
    </ClInclude>
    <ClInclude Include="Sphere.h">
      <Filter>头文件\hit\Geometry</Filter>
    </ClInclude>
    <ClInclude Include="GeometryHit.h">
      <Filter>头文件\hit\Geometry</Filter>
    </ClInclude>
    <ClInclude Include="Light.h">
      <Filter>头文件\hit\Geometry</Filter>
    </ClInclude>
    <ClInclude Include="Skybox.h">
      <Filter>头文件\render</Filter>
    </ClInclude>
    <ClInclude Include="DifferenceHit.h">
      <Filter>头文件\hit\Geometry</Filter>
    </ClInclude>
    <ClInclude Include="rtx\util\Color.h">
      <Filter>头文件\rtx\util</Filter>
    </ClInclude>
    <ClInclude Include="rtx\render\Image.h">
      <Filter>头文件\rtx\render</Filter>
    </ClInclude>
    <ClInclude Include="rtx\render\Shader.h">
      <Filter>头文件\rtx\render</Filter>
    </ClInclude>
    <ClInclude Include="rtx\render\RenderWindow.h">
      <Filter>头文件\rtx\render</Filter>
    </ClInclude>
    <ClInclude Include="BVHNode.h">
      <Filter>头文件\util</Filter>
    </ClInclude>
    <ClInclude Include="Stack.h">
      <Filter>头文件\util</Filter>
    </ClInclude>
  </ItemGroup>
</Project>